version = 1
revision = 2
requires-python = ">=3.12"

[[package]]
name = "cmake"
version = "4.0.3"
source = { registry = "https://pypi.org/simple" }
sdist = { url = "https://files.pythonhosted.org/packages/25/3f/30c0f44ec5d727f547c35510ae479053abf56bed24b08f3e128f93d09905/cmake-4.0.3.tar.gz", hash = "sha256:215732f09ea8a7088fe1ab46bbd61669437217278d709fd3851bf8211e8c59e3", size = 34504, upload-time = "2025-06-13T15:34:11.68Z" }
wheels = [
    { url = "https://files.pythonhosted.org/packages/c3/d2/5579b66d4421ab11dd00f32f4184be383a74e28ad0685a6604e0e7a8fd29/cmake-4.0.3-py3-none-macosx_10_10_universal2.whl", hash = "sha256:f2adfb459747025f40f9d3bdd1f3a485d43e866c0c4eb66373d1fcd666b13e4a", size = 48740112, upload-time = "2025-06-13T15:33:08.513Z" },
    { url = "https://files.pythonhosted.org/packages/67/4d/410c3ebb4a46a236cbc0e3202f5507483ce24c96c1d4a73445675f11b402/cmake-4.0.3-py3-none-manylinux_2_12_i686.manylinux2010_i686.whl", hash = "sha256:04c40c92fdcaa96c66a5731b5b3fbbdf87da99cc68fdd30ff30b90c34d222986", size = 27740648, upload-time = "2025-06-13T15:33:12.877Z" },
    { url = "https://files.pythonhosted.org/packages/77/a7/f845c1e129ad37059612e5d66ffe3dac824fdfd7dec58918a802f38650ff/cmake-4.0.3-py3-none-manylinux_2_12_x86_64.manylinux2010_x86_64.whl", hash = "sha256:d41b83d061bcc375a7a5f2942ba523a7563368d296d91260f9d8a53a10f5e5e5", size = 26983727, upload-time = "2025-06-13T15:33:16.394Z" },
    { url = "https://files.pythonhosted.org/packages/45/ee/750dae28fa12493052c44f744affbfeff0f35a526b4346bd86050e9903e5/cmake-4.0.3-py3-none-manylinux_2_17_aarch64.manylinux2014_aarch64.whl", hash = "sha256:434f84fdf1e21578974876b8414dc47afeaea62027d9adc37a943a6bb08eb053", size = 27256957, upload-time = "2025-06-13T15:33:19.658Z" },
    { url = "https://files.pythonhosted.org/packages/23/1e/05b08c18145cd8e5ad3f506bfa21fe5277c00faf9052b3fb9bf6d279df42/cmake-4.0.3-py3-none-manylinux_2_17_i686.manylinux2014_i686.whl", hash = "sha256:beec48371a4b906fe398758ded5df57fc16e9bb14fd34244d9d66ee35862fb9f", size = 29020848, upload-time = "2025-06-13T15:33:23.161Z" },
    { url = "https://files.pythonhosted.org/packages/db/b5/578e5b50cb848775aee4e04ceecef3c6595c30fb5fe0642a14eaafa02597/cmake-4.0.3-py3-none-manylinux_2_17_ppc64le.manylinux2014_ppc64le.whl", hash = "sha256:47dc28bee6cfb4de00c7cf7e87d565b5c86eb4088da81b60a49e214fcdd4ffda", size = 30872393, upload-time = "2025-06-13T15:33:26.316Z" },
    { url = "https://files.pythonhosted.org/packages/42/7d/e4cdb9903b971dbbab1127e96bab86d3d77cedbb637f47a8e44ec02c3672/cmake-4.0.3-py3-none-manylinux_2_17_s390x.manylinux2014_s390x.whl", hash = "sha256:e10fdc972b3211915b65cc89e8cd24e1a26c9bd684ee71c3f369fb488f2c4388", size = 27028264, upload-time = "2025-06-13T15:33:29.619Z" },
    { url = "https://files.pythonhosted.org/packages/60/cb/1e4d8baab7c946f809d6c59914428c10acaf39d9f4b52e1dffff834a9f0a/cmake-4.0.3-py3-none-manylinux_2_17_x86_64.manylinux2014_x86_64.whl", hash = "sha256:d840e780c48c5df1330879d50615176896e8e6eee554507d21ce8e2f1a5f0ff8", size = 27912444, upload-time = "2025-06-13T15:33:33.296Z" },
    { url = "https://files.pythonhosted.org/packages/cb/3a/ff653130b91d73c172205ac10ad71c62a1474bd85ae110eec085e04aec08/cmake-4.0.3-py3-none-manylinux_2_31_armv7l.whl", hash = "sha256:6ef63bbabcbe3b89c1d80547913b6caceaad57987a27e7afc79ebc88ecd829e4", size = 25156436, upload-time = "2025-06-13T15:33:36.316Z" },
    { url = "https://files.pythonhosted.org/packages/7a/6f/514ba65cf1e2d0a80a97c3c4a2ae3805bf8cb3286de41b864b03b44ca47a/cmake-4.0.3-py3-none-musllinux_1_1_aarch64.whl", hash = "sha256:67103f2bcce8f57b8705ba8e353f18fdc3684a346eee97dc5f94d11575a424c6", size = 28026300, upload-time = "2025-06-13T15:33:39.497Z" },
    { url = "https://files.pythonhosted.org/packages/83/b9/49f847fa09b48110cc0f38b72720f979912ac69742de784998b2e36fda18/cmake-4.0.3-py3-none-musllinux_1_1_i686.whl", hash = "sha256:880a1e1ae26d440d7e4f604fecbf839728ca7b096c870f2e7359855cc4828532", size = 31557948, upload-time = "2025-06-13T15:33:43.099Z" },
    { url = "https://files.pythonhosted.org/packages/c0/d8/bbd8eb74bb6c972572293f043a5cd5a56ec9791f8c46ccfbcf53a84aa556/cmake-4.0.3-py3-none-musllinux_1_1_ppc64le.whl", hash = "sha256:c403b660bbff1fd4d7f1c5d9e015ea27566e49ca9461e260c9758f2fd4e5e813", size = 32281822, upload-time = "2025-06-13T15:33:46.544Z" },
    { url = "https://files.pythonhosted.org/packages/df/a4/aebacccbcab31a1896190d57ac3ad9fdeded18f6ce7634b24958c6de8090/cmake-4.0.3-py3-none-musllinux_1_1_s390x.whl", hash = "sha256:2a66ecdd4c3238484cb0c377d689c086a9b8b533e25329f73d21bd1c38f1ae86", size = 28104040, upload-time = "2025-06-13T15:33:49.687Z" },
    { url = "https://files.pythonhosted.org/packages/a2/b3/42cd72162e7b466863ca4c033fb30ef51109b4eaef9686aa81b86f5afd8b/cmake-4.0.3-py3-none-musllinux_1_1_x86_64.whl", hash = "sha256:004e58b1a1a384c2ca799c9c41ac4ed86ac3b80129462992c43c1121f8729ffd", size = 29638511, upload-time = "2025-06-13T15:33:53.063Z" },
    { url = "https://files.pythonhosted.org/packages/d4/4d/d81d27a0d86bf2e24e4574f672b17230db676be2dd878d747439f1f4abfa/cmake-4.0.3-py3-none-musllinux_1_2_armv7l.whl", hash = "sha256:133dbc33f995cb97a4456d83d67fa0a7a798f53f979454359140588baa928f43", size = 33324625, upload-time = "2025-06-13T15:33:57.463Z" },
    { url = "https://files.pythonhosted.org/packages/5d/eb/c7736686066bbaacd06b69228a8cd3cbdac279a069658e4a646b3dee4a9c/cmake-4.0.3-py3-none-win32.whl", hash = "sha256:3e07bdd14e69ea67d1e67a4f5225ac2fd91ee9e349c440143cdddd7368be1f46", size = 33683662, upload-time = "2025-06-13T15:34:01.075Z" },
    { url = "https://files.pythonhosted.org/packages/a6/03/70e3bfff49ee89b3e4a137b5504ad003b0cae8dbc291cb753228f55b4b9f/cmake-4.0.3-py3-none-win_amd64.whl", hash = "sha256:9a349ff2b4a7c63c896061676bc0f4e6994f373d54314d79ba3608ee7fa75442", size = 36911867, upload-time = "2025-06-13T15:34:04.774Z" },
    { url = "https://files.pythonhosted.org/packages/50/ce/9cfee241950e700a3ac67a0dbbd26da24c7e252bd48c5af129586a4caadd/cmake-4.0.3-py3-none-win_arm64.whl", hash = "sha256:94a52e67b264a51089907c9e74ca5a9e2f3e65c57c457e0f40f02629a0de74d8", size = 35706970, upload-time = "2025-06-13T15:34:08.703Z" },
]

[[package]]
name = "graph-solver-framework"
version = "0.1.0"
source = { virtual = "." }
dependencies = [
    { name = "cmake" },
    { name = "networkx" },
    { name = "pybind11", extra = ["global"] },
    { name = "questionary" },
]

[package.metadata]
requires-dist = [
    { name = "cmake", specifier = ">=4.0.3" },
    { name = "networkx", specifier = ">=3.5" },
    { name = "pybind11", extras = ["global"], specifier = ">=3.0.0" },
    { name = "questionary", specifier = ">=2.1.0" },
]

[[package]]
name = "networkx"
version = "3.5"
source = { registry = "https://pypi.org/simple" }
sdist = { url = "https://files.pythonhosted.org/packages/6c/4f/ccdb8ad3a38e583f214547fd2f7ff1fc160c43a75af88e6aec213404b96a/networkx-3.5.tar.gz", hash = "sha256:d4c6f9cf81f52d69230866796b82afbccdec3db7ae4fbd1b65ea750feed50037", size = 2471065, upload-time = "2025-05-29T11:35:07.804Z" }
wheels = [
    { url = "https://files.pythonhosted.org/packages/eb/8d/776adee7bbf76365fdd7f2552710282c79a4ead5d2a46408c9043a2b70ba/networkx-3.5-py3-none-any.whl", hash = "sha256:0030d386a9a06dee3565298b4a734b68589749a544acbb6c412dc9e2489ec6ec", size = 2034406, upload-time = "2025-05-29T11:35:04.961Z" },
]

[[package]]
name = "prompt-toolkit"
version = "3.0.51"
source = { registry = "https://pypi.org/simple" }
dependencies = [
    { name = "wcwidth" },
]
sdist = { url = "https://files.pythonhosted.org/packages/bb/6e/9d084c929dfe9e3bfe0c6a47e31f78a25c54627d64a66e884a8bf5474f1c/prompt_toolkit-3.0.51.tar.gz", hash = "sha256:931a162e3b27fc90c86f1b48bb1fb2c528c2761475e57c9c06de13311c7b54ed", size = 428940, upload-time = "2025-04-15T09:18:47.731Z" }
wheels = [
    { url = "https://files.pythonhosted.org/packages/ce/4f/5249960887b1fbe561d9ff265496d170b55a735b76724f10ef19f9e40716/prompt_toolkit-3.0.51-py3-none-any.whl", hash = "sha256:52742911fde84e2d423e2f9a4cf1de7d7ac4e51958f648d9540e0fb8db077b07", size = 387810, upload-time = "2025-04-15T09:18:44.753Z" },
]

[[package]]
name = "pybind11"
version = "3.0.0"
source = { registry = "https://pypi.org/simple" }
sdist = { url = "https://files.pythonhosted.org/packages/ef/83/698d120e257a116f2472c710932023ad779409adf2734d2e940f34eea2c5/pybind11-3.0.0.tar.gz", hash = "sha256:c3f07bce3ada51c3e4b76badfa85df11688d12c46111f9d242bc5c9415af7862", size = 544819, upload-time = "2025-07-10T16:52:09.335Z" }
wheels = [
    { url = "https://files.pythonhosted.org/packages/41/9c/85f50a5476832c3efc67b6d7997808388236ae4754bf53e1749b3bc27577/pybind11-3.0.0-py3-none-any.whl", hash = "sha256:7c5cac504da5a701b5163f0e6a7ba736c713a096a5378383c5b4b064b753f607", size = 292118, upload-time = "2025-07-10T16:52:07.828Z" },
]

[package.optional-dependencies]
global = [
    { name = "pybind11-global" },
]

[[package]]
name = "pybind11-global"
version = "3.0.0"
source = { registry = "https://pypi.org/simple" }
sdist = { url = "https://files.pythonhosted.org/packages/b8/23/d74a7a4302e86fa984cb059d9693786a1237a2dbb3ffa1101fa277857a02/pybind11_global-3.0.0.tar.gz", hash = "sha256:1c9846d489999b958f36ed32779bc572a89f9d0b299045e13f2c50be8017a4f3", size = 544662, upload-time = "2025-07-10T16:52:18.661Z" }
wheels = [
    { url = "https://files.pythonhosted.org/packages/25/84/880542c58c89c0d380a4aee56f003c1ec19dff8394f227a67db137f57407/pybind11_global-3.0.0-py3-none-any.whl", hash = "sha256:9114f28aab0743a429244a61988ef8f7dd92230c4aab08b316e6054c840e5cd6", size = 536343, upload-time = "2025-07-10T16:52:16.848Z" },
]

[[package]]
name = "questionary"
version = "2.1.0"
source = { registry = "https://pypi.org/simple" }
dependencies = [
    { name = "prompt-toolkit" },
]
sdist = { url = "https://files.pythonhosted.org/packages/a8/b8/d16eb579277f3de9e56e5ad25280fab52fc5774117fb70362e8c2e016559/questionary-2.1.0.tar.gz", hash = "sha256:6302cdd645b19667d8f6e6634774e9538bfcd1aad9be287e743d96cacaf95587", size = 26775, upload-time = "2024-12-29T11:49:17.802Z" }
wheels = [
    { url = "https://files.pythonhosted.org/packages/ad/3f/11dd4cd4f39e05128bfd20138faea57bec56f9ffba6185d276e3107ba5b2/questionary-2.1.0-py3-none-any.whl", hash = "sha256:44174d237b68bc828e4878c763a9ad6790ee61990e0ae72927694ead57bab8ec", size = 36747, upload-time = "2024-12-29T11:49:16.734Z" },
]

[[package]]
name = "wcwidth"
version = "0.2.13"
source = { registry = "https://pypi.org/simple" }
sdist = { url = "https://files.pythonhosted.org/packages/6c/63/53559446a878410fc5a5974feb13d31d78d752eb18aeba59c7fef1af7598/wcwidth-0.2.13.tar.gz", hash = "sha256:72ea0c06399eb286d978fdedb6923a9eb47e1c486ce63e9b4e64fc18303972b5", size = 101301, upload-time = "2024-01-06T02:10:57.829Z" }
wheels = [
    { url = "https://files.pythonhosted.org/packages/fd/84/fd2ba7aafacbad3c4201d395674fc6348826569da3c0937e75505ead3528/wcwidth-0.2.13-py2.py3-none-any.whl", hash = "sha256:3da69048e4540d84af32131829ff948f1e022c1c6bdb8d6102117aac784f6859", size = 34166, upload-time = "2024-01-06T02:10:55.763Z" },
]
